
Microsoft Visual Studio Solution File, Format Version 12.00
# Visual Studio Version 17
VisualStudioVersion = 17.0.31919.166
MinimumVisualStudioVersion = 10.0.40219.1
Project("{FAE04EC0-301F-11D3-BF4B-00C04F79EFBC}") = "custom ui template framework", "custom ui template framework\custom ui template framework.csproj", "{F660F29C-5E8D-4490-B191-FF5F965FF65B}"
EndProject
Global
	GlobalSection(SolutionConfigurationPlatforms) = preSolution
		Debug|Any CPU = Debug|Any CPU
		Release|Any CPU = Release|Any CPU
	EndGlobalSection
	GlobalSection(ProjectConfigurationPlatforms) = postSolution
		{F660F29C-5E8D-4490-B191-FF5F965FF65B}.Debug|Any CPU.ActiveCfg = Debug|Any CPU
		{F660F29C-5E8D-4490-B191-FF5F965FF65B}.Debug|Any CPU.Build.0 = Debug|Any CPU
		{F660F29C-5E8D-4490-B191-FF5F965FF65B}.Release|Any CPU.ActiveCfg = Release|Any CPU
		{F660F29C-5E8D-4490-B191-FF5F965FF65B}.Release|Any CPU.Build.0 = Release|Any CPU
	EndGlobalSection
	GlobalSection(SolutionProperties) = preSolution
		HideSolutionNode = FALSE
	EndGlobalSection
	GlobalSection(ExtensibilityGlobals) = postSolution
		SolutionGuid = {EF405472-DE15-4564-AC01-BEB8F1211081}
	EndGlobalSection
EndGlobal
